
Microsoft Visual Studio Solution File, Format Version 12.00
# Visual Studio 2013
VisualStudioVersion = 12.0.21005.1
MinimumVisualStudioVersion = 10.0.40219.1
Project("{FAE04EC0-301F-11D3-BF4B-00C04F79EFBC}") = "FoursquareApi", "FoursquareApi\FoursquareApi.csproj", "{128C3CA9-2BF2-4F11-A0BA-19BE496A1577}"
EndProject
Project("{FAE04EC0-301F-11D3-BF4B-00C04F79EFBC}") = "FoursquareApi.Services", "FoursquareApi.Services\FoursquareApi.Services.csproj", "{4402F6D5-2562-4493-A5D6-0DD845B9D637}"
EndProject
Project("{FAE04EC0-301F-11D3-BF4B-00C04F79EFBC}") = "FoursquareApi.Models", "FoursquareApi.Models\FoursquareApi.Models.csproj", "{E9E7091B-E26A-4881-8149-6A6164EB9AFA}"
EndProject
Project("{FAE04EC0-301F-11D3-BF4B-00C04F79EFBC}") = "SamplesProject", "SamplesProject\SamplesProject.csproj", "{41CE0CF9-6DC3-46F0-8B3E-1FDAE242C7C1}"
EndProject
Project("{FAE04EC0-301F-11D3-BF4B-00C04F79EFBC}") = "HttpClient", "HttpClient\HttpClient.csproj", "{090C973A-2BA4-4608-AA38-B9C8FB121AC7}"
EndProject
Project("{FAE04EC0-301F-11D3-BF4B-00C04F79EFBC}") = "MvcApplication1", "MvcApplication1\MvcApplication1.csproj", "{AE4A8C44-A228-4B13-BF68-34F928BC09F2}"
EndProject
Global
	GlobalSection(SolutionConfigurationPlatforms) = preSolution
		Debug|Any CPU = Debug|Any CPU
		Release|Any CPU = Release|Any CPU
	EndGlobalSection
	GlobalSection(ProjectConfigurationPlatforms) = postSolution
		{128C3CA9-2BF2-4F11-A0BA-19BE496A1577}.Debug|Any CPU.ActiveCfg = Debug|Any CPU
		{128C3CA9-2BF2-4F11-A0BA-19BE496A1577}.Debug|Any CPU.Build.0 = Debug|Any CPU
		{128C3CA9-2BF2-4F11-A0BA-19BE496A1577}.Release|Any CPU.ActiveCfg = Release|Any CPU
		{128C3CA9-2BF2-4F11-A0BA-19BE496A1577}.Release|Any CPU.Build.0 = Release|Any CPU
		{4402F6D5-2562-4493-A5D6-0DD845B9D637}.Debug|Any CPU.ActiveCfg = Debug|Any CPU
		{4402F6D5-2562-4493-A5D6-0DD845B9D637}.Debug|Any CPU.Build.0 = Debug|Any CPU
		{4402F6D5-2562-4493-A5D6-0DD845B9D637}.Release|Any CPU.ActiveCfg = Release|Any CPU
		{4402F6D5-2562-4493-A5D6-0DD845B9D637}.Release|Any CPU.Build.0 = Release|Any CPU
		{E9E7091B-E26A-4881-8149-6A6164EB9AFA}.Debug|Any CPU.ActiveCfg = Debug|Any CPU
		{E9E7091B-E26A-4881-8149-6A6164EB9AFA}.Debug|Any CPU.Build.0 = Debug|Any CPU
		{E9E7091B-E26A-4881-8149-6A6164EB9AFA}.Release|Any CPU.ActiveCfg = Release|Any CPU
		{E9E7091B-E26A-4881-8149-6A6164EB9AFA}.Release|Any CPU.Build.0 = Release|Any CPU
		{41CE0CF9-6DC3-46F0-8B3E-1FDAE242C7C1}.Debug|Any CPU.ActiveCfg = Debug|Any CPU
		{41CE0CF9-6DC3-46F0-8B3E-1FDAE242C7C1}.Debug|Any CPU.Build.0 = Debug|Any CPU
		{41CE0CF9-6DC3-46F0-8B3E-1FDAE242C7C1}.Release|Any CPU.ActiveCfg = Release|Any CPU
		{41CE0CF9-6DC3-46F0-8B3E-1FDAE242C7C1}.Release|Any CPU.Build.0 = Release|Any CPU
		{090C973A-2BA4-4608-AA38-B9C8FB121AC7}.Debug|Any CPU.ActiveCfg = Debug|Any CPU
		{090C973A-2BA4-4608-AA38-B9C8FB121AC7}.Debug|Any CPU.Build.0 = Debug|Any CPU
		{090C973A-2BA4-4608-AA38-B9C8FB121AC7}.Release|Any CPU.ActiveCfg = Release|Any CPU
		{090C973A-2BA4-4608-AA38-B9C8FB121AC7}.Release|Any CPU.Build.0 = Release|Any CPU
		{AE4A8C44-A228-4B13-BF68-34F928BC09F2}.Debug|Any CPU.ActiveCfg = Debug|Any CPU
		{AE4A8C44-A228-4B13-BF68-34F928BC09F2}.Debug|Any CPU.Build.0 = Debug|Any CPU
		{AE4A8C44-A228-4B13-BF68-34F928BC09F2}.Release|Any CPU.ActiveCfg = Release|Any CPU
		{AE4A8C44-A228-4B13-BF68-34F928BC09F2}.Release|Any CPU.Build.0 = Release|Any CPU
	EndGlobalSection
	GlobalSection(SolutionProperties) = preSolution
		HideSolutionNode = FALSE
	EndGlobalSection
EndGlobal
